
Microsoft Visual Studio Solution File, Format Version 12.00
# Visual Studio Version 16
VisualStudioVersion = 16.0.29123.88
MinimumVisualStudioVersion = 10.0.40219.1
Project("{2150E333-8FDC-42A3-9474-1A3956D46DE8}") = "Solution Items", "Solution Items", "{C3592BB3-F62F-499E-B1E8-2B497161C389}"
	ProjectSection(SolutionItems) = preProject
		.gitignore = .gitignore
		build-nupkg.bat = build-nupkg.bat
		build-nupkg.sh = build-nupkg.sh
		Images\CenterCLR.RelaxVersioner.100.png = Images\CenterCLR.RelaxVersioner.100.png
		Images\CenterCLR.RelaxVersioner.128.png = Images\CenterCLR.RelaxVersioner.128.png
		Images\CenterCLR.RelaxVersioner.256.png = Images\CenterCLR.RelaxVersioner.256.png
		CenterCLR.RelaxVersioner.sln.licenseheader = CenterCLR.RelaxVersioner.sln.licenseheader
		README.ja.md = README.ja.md
		README.md = README.md
		STARTGUIDE.md = STARTGUIDE.md
	EndProjectSection
EndProject
Project("{2150E333-8FDC-42A3-9474-1A3956D46DE8}") = "Images", "Images", "{98ADE163-2FFB-47B0-AA7A-1A294DD7276F}"
	ProjectSection(SolutionItems) = preProject
		Images\CenterCLR.RelaxVersioner.256.png = Images\CenterCLR.RelaxVersioner.256.png
		Images\CenterCLR.RelaxVersioner.design = Images\CenterCLR.RelaxVersioner.design
		Images\Japanese.256.png = Images\Japanese.256.png
	EndProjectSection
EndProject
Project("{9A19103F-16F7-4668-BE54-9A1E7A4F7556}") = "CenterCLR.RelaxVersioner.Tasks", "CenterCLR.RelaxVersioner.Tasks\CenterCLR.RelaxVersioner.Tasks.csproj", "{49303547-1E7B-4794-9A35-0FE188670E56}"
EndProject
Project("{2150E333-8FDC-42A3-9474-1A3956D46DE8}") = "azure-pipelines", "azure-pipelines", "{FAC14C72-0C08-497A-9460-49D10C3A362A}"
	ProjectSection(SolutionItems) = preProject
		azure-pipelines\build-devel.yml = azure-pipelines\build-devel.yml
		azure-pipelines\build-master.yml = azure-pipelines\build-master.yml
		azure-pipelines\build.yml = azure-pipelines\build.yml
	EndProjectSection
EndProject
Project("{9A19103F-16F7-4668-BE54-9A1E7A4F7556}") = "CenterCLR.RelaxVersioner.Core", "CenterCLR.RelaxVersioner.Core\CenterCLR.RelaxVersioner.Core.csproj", "{AD40D6E7-1B5F-4734-919A-3C55F5A40CB9}"
EndProject
Project("{FAE04EC0-301F-11D3-BF4B-00C04F79EFBC}") = "CenterCLR.RelaxVersioner", "CenterCLR.RelaxVersioner\CenterCLR.RelaxVersioner.csproj", "{385D40BE-A021-4D9A-852D-F7A3658E3BA8}"
EndProject
Global
	GlobalSection(SolutionConfigurationPlatforms) = preSolution
		Debug|Any CPU = Debug|Any CPU
		Release|Any CPU = Release|Any CPU
	EndGlobalSection
	GlobalSection(ProjectConfigurationPlatforms) = postSolution
		{49303547-1E7B-4794-9A35-0FE188670E56}.Debug|Any CPU.ActiveCfg = Debug|Any CPU
		{49303547-1E7B-4794-9A35-0FE188670E56}.Debug|Any CPU.Build.0 = Debug|Any CPU
		{49303547-1E7B-4794-9A35-0FE188670E56}.Release|Any CPU.ActiveCfg = Release|Any CPU
		{49303547-1E7B-4794-9A35-0FE188670E56}.Release|Any CPU.Build.0 = Release|Any CPU
		{AD40D6E7-1B5F-4734-919A-3C55F5A40CB9}.Debug|Any CPU.ActiveCfg = Debug|Any CPU
		{AD40D6E7-1B5F-4734-919A-3C55F5A40CB9}.Debug|Any CPU.Build.0 = Debug|Any CPU
		{AD40D6E7-1B5F-4734-919A-3C55F5A40CB9}.Release|Any CPU.ActiveCfg = Release|Any CPU
		{AD40D6E7-1B5F-4734-919A-3C55F5A40CB9}.Release|Any CPU.Build.0 = Release|Any CPU
		{385D40BE-A021-4D9A-852D-F7A3658E3BA8}.Debug|Any CPU.ActiveCfg = Debug|Any CPU
		{385D40BE-A021-4D9A-852D-F7A3658E3BA8}.Debug|Any CPU.Build.0 = Debug|Any CPU
		{385D40BE-A021-4D9A-852D-F7A3658E3BA8}.Release|Any CPU.ActiveCfg = Release|Any CPU
		{385D40BE-A021-4D9A-852D-F7A3658E3BA8}.Release|Any CPU.Build.0 = Release|Any CPU
	EndGlobalSection
	GlobalSection(SolutionProperties) = preSolution
		HideSolutionNode = FALSE
	EndGlobalSection
	GlobalSection(NestedProjects) = preSolution
		{98ADE163-2FFB-47B0-AA7A-1A294DD7276F} = {C3592BB3-F62F-499E-B1E8-2B497161C389}
	EndGlobalSection
	GlobalSection(ExtensibilityGlobals) = postSolution
		SolutionGuid = {63C3485B-CB64-44B8-B861-FF23BE00BBA8}
	EndGlobalSection
EndGlobal
