
Microsoft Visual Studio Solution File, Format Version 12.00
# Visual Studio Version 17
VisualStudioVersion = 17.0.32014.148
MinimumVisualStudioVersion = 10.0.40219.1
Project("{2150E333-8FDC-42A3-9474-1A3956D46DE8}") = "Solution Items", "Solution Items", "{C3592BB3-F62F-499E-B1E8-2B497161C389}"
	ProjectSection(SolutionItems) = preProject
		.gitignore = .gitignore
		build-nupkg-bootstrap.bat = build-nupkg-bootstrap.bat
		build-nupkg.bat = build-nupkg.bat
		.github\workflows\build.yml = .github\workflows\build.yml
		Images\RelaxVersioner.100.png = Images\RelaxVersioner.100.png
		Images\RelaxVersioner.128.png = Images\RelaxVersioner.128.png
		Images\RelaxVersioner.256.png = Images\RelaxVersioner.256.png
		RelaxVersioner.sln.licenseheader = RelaxVersioner.sln.licenseheader
		Directory.Build.props = Directory.Build.props
		NuGet.Config = NuGet.Config
		README.ja.md = README.ja.md
		README.md = README.md
		STARTGUIDE.md = STARTGUIDE.md
		build-nupkg-bootstrap.sh = build-nupkg-bootstrap.sh
		build-nupkg.sh = build-nupkg.sh
	EndProjectSection
EndProject
Project("{2150E333-8FDC-42A3-9474-1A3956D46DE8}") = "Images", "Images", "{98ADE163-2FFB-47B0-AA7A-1A294DD7276F}"
	ProjectSection(SolutionItems) = preProject
		Images\RelaxVersioner.256.png = Images\RelaxVersioner.256.png
		Images\RelaxVersioner.design = Images\RelaxVersioner.design
		Images\Explorer.png = Images\Explorer.png
		Images\ILSpy.png = Images\ILSpy.png
		Images\Japanese.256.png = Images\Japanese.256.png
	EndProjectSection
EndProject
Project("{9A19103F-16F7-4668-BE54-9A1E7A4F7556}") = "RelaxVersioner.Core", "RelaxVersioner.Core\RelaxVersioner.Core.csproj", "{AD40D6E7-1B5F-4734-919A-3C55F5A40CB9}"
EndProject
Project("{9A19103F-16F7-4668-BE54-9A1E7A4F7556}") = "RelaxVersioner", "RelaxVersioner\RelaxVersioner.csproj", "{F8E532DE-24B0-49BA-A667-6447CA4BAA89}"
	ProjectSection(ProjectDependencies) = postProject
		{52B2423C-846D-4D9B-AB10-D5C593D3FB1D} = {52B2423C-846D-4D9B-AB10-D5C593D3FB1D}
	EndProjectSection
EndProject
Project("{2150E333-8FDC-42A3-9474-1A3956D46DE8}") = "docs", "docs", "{A8639232-70FA-4878-BC0D-B8B27B0C555D}"
	ProjectSection(SolutionItems) = preProject
		docs\Compiling-RelaxVersioner.md = docs\Compiling-RelaxVersioner.md
		docs\Customizing-RelaxVersioner.md = docs\Customizing-RelaxVersioner.md
		docs\More-On-Rules.md = docs\More-On-Rules.md
	EndProjectSection
EndProject
Project("{9A19103F-16F7-4668-BE54-9A1E7A4F7556}") = "RelaxVersioner.Tasks", "RelaxVersioner.Tasks\RelaxVersioner.Tasks.csproj", "{52B2423C-846D-4D9B-AB10-D5C593D3FB1D}"
EndProject
Project("{2150E333-8FDC-42A3-9474-1A3956D46DE8}") = "PlayGround", "PlayGround", "{3494B361-3FEC-41FF-AD57-40BF94D57CDD}"
EndProject
Project("{9A19103F-16F7-4668-BE54-9A1E7A4F7556}") = "CSharpNewTestProject", "PlayGround\CSharpNewTestProject\CSharpNewTestProject.csproj", "{39B07480-176F-4ECB-8CD4-071FFD204804}"
	ProjectSection(ProjectDependencies) = postProject
		{52B2423C-846D-4D9B-AB10-D5C593D3FB1D} = {52B2423C-846D-4D9B-AB10-D5C593D3FB1D}
		{AD40D6E7-1B5F-4734-919A-3C55F5A40CB9} = {AD40D6E7-1B5F-4734-919A-3C55F5A40CB9}
		{F8E532DE-24B0-49BA-A667-6447CA4BAA89} = {F8E532DE-24B0-49BA-A667-6447CA4BAA89}
	EndProjectSection
EndProject
Project("{9A19103F-16F7-4668-BE54-9A1E7A4F7556}") = "RelaxVersioner.Core.Tests", "RelaxVersioner.Core.Tests\RelaxVersioner.Core.Tests.csproj", "{05E2B482-70C7-4A36-B90B-BC87BE0E1ADF}"
EndProject
Global
	GlobalSection(SolutionConfigurationPlatforms) = preSolution
		Debug|Any CPU = Debug|Any CPU
		Release|Any CPU = Release|Any CPU
	EndGlobalSection
	GlobalSection(ProjectConfigurationPlatforms) = postSolution
		{AD40D6E7-1B5F-4734-919A-3C55F5A40CB9}.Debug|Any CPU.ActiveCfg = Debug|Any CPU
		{AD40D6E7-1B5F-4734-919A-3C55F5A40CB9}.Debug|Any CPU.Build.0 = Debug|Any CPU
		{AD40D6E7-1B5F-4734-919A-3C55F5A40CB9}.Release|Any CPU.ActiveCfg = Release|Any CPU
		{AD40D6E7-1B5F-4734-919A-3C55F5A40CB9}.Release|Any CPU.Build.0 = Release|Any CPU
		{F8E532DE-24B0-49BA-A667-6447CA4BAA89}.Debug|Any CPU.ActiveCfg = Debug|Any CPU
		{F8E532DE-24B0-49BA-A667-6447CA4BAA89}.Debug|Any CPU.Build.0 = Debug|Any CPU
		{F8E532DE-24B0-49BA-A667-6447CA4BAA89}.Release|Any CPU.ActiveCfg = Release|Any CPU
		{F8E532DE-24B0-49BA-A667-6447CA4BAA89}.Release|Any CPU.Build.0 = Release|Any CPU
		{52B2423C-846D-4D9B-AB10-D5C593D3FB1D}.Debug|Any CPU.ActiveCfg = Debug|Any CPU
		{52B2423C-846D-4D9B-AB10-D5C593D3FB1D}.Debug|Any CPU.Build.0 = Debug|Any CPU
		{52B2423C-846D-4D9B-AB10-D5C593D3FB1D}.Release|Any CPU.ActiveCfg = Release|Any CPU
		{52B2423C-846D-4D9B-AB10-D5C593D3FB1D}.Release|Any CPU.Build.0 = Release|Any CPU
		{39B07480-176F-4ECB-8CD4-071FFD204804}.Debug|Any CPU.ActiveCfg = Debug|Any CPU
		{39B07480-176F-4ECB-8CD4-071FFD204804}.Debug|Any CPU.Build.0 = Debug|Any CPU
		{39B07480-176F-4ECB-8CD4-071FFD204804}.Release|Any CPU.ActiveCfg = Release|Any CPU
		{39B07480-176F-4ECB-8CD4-071FFD204804}.Release|Any CPU.Build.0 = Release|Any CPU
		{05E2B482-70C7-4A36-B90B-BC87BE0E1ADF}.Debug|Any CPU.ActiveCfg = Debug|Any CPU
		{05E2B482-70C7-4A36-B90B-BC87BE0E1ADF}.Debug|Any CPU.Build.0 = Debug|Any CPU
		{05E2B482-70C7-4A36-B90B-BC87BE0E1ADF}.Release|Any CPU.ActiveCfg = Release|Any CPU
		{05E2B482-70C7-4A36-B90B-BC87BE0E1ADF}.Release|Any CPU.Build.0 = Release|Any CPU
	EndGlobalSection
	GlobalSection(SolutionProperties) = preSolution
		HideSolutionNode = FALSE
	EndGlobalSection
	GlobalSection(NestedProjects) = preSolution
		{98ADE163-2FFB-47B0-AA7A-1A294DD7276F} = {C3592BB3-F62F-499E-B1E8-2B497161C389}
		{A8639232-70FA-4878-BC0D-B8B27B0C555D} = {C3592BB3-F62F-499E-B1E8-2B497161C389}
		{39B07480-176F-4ECB-8CD4-071FFD204804} = {3494B361-3FEC-41FF-AD57-40BF94D57CDD}
	EndGlobalSection
	GlobalSection(ExtensibilityGlobals) = postSolution
		SolutionGuid = {63C3485B-CB64-44B8-B861-FF23BE00BBA8}
	EndGlobalSection
EndGlobal
