
Microsoft Visual Studio Solution File, Format Version 12.00
# Visual Studio Version 16
VisualStudioVersion = 16.0.29123.88
MinimumVisualStudioVersion = 10.0.40219.1
Project("{F184B08F-C81C-45F6-A57F-5ABD9991F28F}") = "VisualBasicOldTestProject", "VisualBasicOldTestProject\VisualBasicOldTestProject.vbproj", "{86854272-C4BB-4BC8-B215-C86FE8E2EB22}"
EndProject
Project("{8BC9CEB8-8B4A-11D0-8D11-00A0C91BC942}") = "CPlusPlusTestProject", "CPlusPlusTestProject\CPlusPlusTestProject.vcxproj", "{8B8335DE-1FF6-4AAE-8712-B695820A3180}"
EndProject
Project("{FAE04EC0-301F-11D3-BF4B-00C04F79EFBC}") = "CSharpOldTestProject", "CSharpOldTestProject\CSharpOldTestProject.csproj", "{5CAE93C9-0C7E-4310-A463-8FF039126E08}"
EndProject
Project("{FAE04EC0-301F-11D3-BF4B-00C04F79EFBC}") = "CSharpReferenceTestProject", "CSharpReferenceTestProject\CSharpReferenceTestProject.csproj", "{3EEF758D-C3F0-4F76-8FA9-C7C9ACA96BA4}"
EndProject
Project("{9A19103F-16F7-4668-BE54-9A1E7A4F7556}") = "CSharpNewTestProject", "CSharpNewTestProject\CSharpNewTestProject.csproj", "{2D67BC95-DCC4-4C85-AE2B-6F33EA72CEC8}"
EndProject
Project("{F2A71F9B-5D33-465A-A702-920D77279786}") = "FSharpOldTestProject", "FSharpOldTestProject\FSharpOldTestProject.fsproj", "{B18F5E8C-FDF7-40D6-80F8-B912D29AE273}"
EndProject
Global
	GlobalSection(SolutionConfigurationPlatforms) = preSolution
		Debug|Any CPU = Debug|Any CPU
		Debug|x64 = Debug|x64
		Debug|x86 = Debug|x86
		Release|Any CPU = Release|Any CPU
		Release|x64 = Release|x64
		Release|x86 = Release|x86
	EndGlobalSection
	GlobalSection(ProjectConfigurationPlatforms) = postSolution
		{86854272-C4BB-4BC8-B215-C86FE8E2EB22}.Debug|Any CPU.ActiveCfg = Debug|Any CPU
		{86854272-C4BB-4BC8-B215-C86FE8E2EB22}.Debug|Any CPU.Build.0 = Debug|Any CPU
		{86854272-C4BB-4BC8-B215-C86FE8E2EB22}.Debug|x64.ActiveCfg = Debug|Any CPU
		{86854272-C4BB-4BC8-B215-C86FE8E2EB22}.Debug|x64.Build.0 = Debug|Any CPU
		{86854272-C4BB-4BC8-B215-C86FE8E2EB22}.Debug|x86.ActiveCfg = Debug|Any CPU
		{86854272-C4BB-4BC8-B215-C86FE8E2EB22}.Debug|x86.Build.0 = Debug|Any CPU
		{86854272-C4BB-4BC8-B215-C86FE8E2EB22}.Release|Any CPU.ActiveCfg = Release|Any CPU
		{86854272-C4BB-4BC8-B215-C86FE8E2EB22}.Release|Any CPU.Build.0 = Release|Any CPU
		{86854272-C4BB-4BC8-B215-C86FE8E2EB22}.Release|x64.ActiveCfg = Release|Any CPU
		{86854272-C4BB-4BC8-B215-C86FE8E2EB22}.Release|x64.Build.0 = Release|Any CPU
		{86854272-C4BB-4BC8-B215-C86FE8E2EB22}.Release|x86.ActiveCfg = Release|Any CPU
		{86854272-C4BB-4BC8-B215-C86FE8E2EB22}.Release|x86.Build.0 = Release|Any CPU
		{8B8335DE-1FF6-4AAE-8712-B695820A3180}.Debug|Any CPU.ActiveCfg = Debug|x64
		{8B8335DE-1FF6-4AAE-8712-B695820A3180}.Debug|Any CPU.Build.0 = Debug|x64
		{8B8335DE-1FF6-4AAE-8712-B695820A3180}.Debug|x64.ActiveCfg = Debug|x64
		{8B8335DE-1FF6-4AAE-8712-B695820A3180}.Debug|x64.Build.0 = Debug|x64
		{8B8335DE-1FF6-4AAE-8712-B695820A3180}.Debug|x86.ActiveCfg = Debug|Win32
		{8B8335DE-1FF6-4AAE-8712-B695820A3180}.Debug|x86.Build.0 = Debug|Win32
		{8B8335DE-1FF6-4AAE-8712-B695820A3180}.Release|Any CPU.ActiveCfg = Release|x64
		{8B8335DE-1FF6-4AAE-8712-B695820A3180}.Release|Any CPU.Build.0 = Release|x64
		{8B8335DE-1FF6-4AAE-8712-B695820A3180}.Release|x64.ActiveCfg = Release|x64
		{8B8335DE-1FF6-4AAE-8712-B695820A3180}.Release|x64.Build.0 = Release|x64
		{8B8335DE-1FF6-4AAE-8712-B695820A3180}.Release|x86.ActiveCfg = Release|Win32
		{8B8335DE-1FF6-4AAE-8712-B695820A3180}.Release|x86.Build.0 = Release|Win32
		{5CAE93C9-0C7E-4310-A463-8FF039126E08}.Debug|Any CPU.ActiveCfg = Debug|Any CPU
		{5CAE93C9-0C7E-4310-A463-8FF039126E08}.Debug|Any CPU.Build.0 = Debug|Any CPU
		{5CAE93C9-0C7E-4310-A463-8FF039126E08}.Debug|x64.ActiveCfg = Debug|Any CPU
		{5CAE93C9-0C7E-4310-A463-8FF039126E08}.Debug|x64.Build.0 = Debug|Any CPU
		{5CAE93C9-0C7E-4310-A463-8FF039126E08}.Debug|x86.ActiveCfg = Debug|Any CPU
		{5CAE93C9-0C7E-4310-A463-8FF039126E08}.Debug|x86.Build.0 = Debug|Any CPU
		{5CAE93C9-0C7E-4310-A463-8FF039126E08}.Release|Any CPU.ActiveCfg = Release|Any CPU
		{5CAE93C9-0C7E-4310-A463-8FF039126E08}.Release|Any CPU.Build.0 = Release|Any CPU
		{5CAE93C9-0C7E-4310-A463-8FF039126E08}.Release|x64.ActiveCfg = Release|Any CPU
		{5CAE93C9-0C7E-4310-A463-8FF039126E08}.Release|x64.Build.0 = Release|Any CPU
		{5CAE93C9-0C7E-4310-A463-8FF039126E08}.Release|x86.ActiveCfg = Release|Any CPU
		{5CAE93C9-0C7E-4310-A463-8FF039126E08}.Release|x86.Build.0 = Release|Any CPU
		{3EEF758D-C3F0-4F76-8FA9-C7C9ACA96BA4}.Debug|Any CPU.ActiveCfg = Debug|Any CPU
		{3EEF758D-C3F0-4F76-8FA9-C7C9ACA96BA4}.Debug|Any CPU.Build.0 = Debug|Any CPU
		{3EEF758D-C3F0-4F76-8FA9-C7C9ACA96BA4}.Debug|x64.ActiveCfg = Debug|Any CPU
		{3EEF758D-C3F0-4F76-8FA9-C7C9ACA96BA4}.Debug|x64.Build.0 = Debug|Any CPU
		{3EEF758D-C3F0-4F76-8FA9-C7C9ACA96BA4}.Debug|x86.ActiveCfg = Debug|Any CPU
		{3EEF758D-C3F0-4F76-8FA9-C7C9ACA96BA4}.Debug|x86.Build.0 = Debug|Any CPU
		{3EEF758D-C3F0-4F76-8FA9-C7C9ACA96BA4}.Release|Any CPU.ActiveCfg = Release|Any CPU
		{3EEF758D-C3F0-4F76-8FA9-C7C9ACA96BA4}.Release|Any CPU.Build.0 = Release|Any CPU
		{3EEF758D-C3F0-4F76-8FA9-C7C9ACA96BA4}.Release|x64.ActiveCfg = Release|Any CPU
		{3EEF758D-C3F0-4F76-8FA9-C7C9ACA96BA4}.Release|x64.Build.0 = Release|Any CPU
		{3EEF758D-C3F0-4F76-8FA9-C7C9ACA96BA4}.Release|x86.ActiveCfg = Release|Any CPU
		{3EEF758D-C3F0-4F76-8FA9-C7C9ACA96BA4}.Release|x86.Build.0 = Release|Any CPU
		{2D67BC95-DCC4-4C85-AE2B-6F33EA72CEC8}.Debug|Any CPU.ActiveCfg = Debug|Any CPU
		{2D67BC95-DCC4-4C85-AE2B-6F33EA72CEC8}.Debug|Any CPU.Build.0 = Debug|Any CPU
		{2D67BC95-DCC4-4C85-AE2B-6F33EA72CEC8}.Debug|x64.ActiveCfg = Debug|Any CPU
		{2D67BC95-DCC4-4C85-AE2B-6F33EA72CEC8}.Debug|x64.Build.0 = Debug|Any CPU
		{2D67BC95-DCC4-4C85-AE2B-6F33EA72CEC8}.Debug|x86.ActiveCfg = Debug|Any CPU
		{2D67BC95-DCC4-4C85-AE2B-6F33EA72CEC8}.Debug|x86.Build.0 = Debug|Any CPU
		{2D67BC95-DCC4-4C85-AE2B-6F33EA72CEC8}.Release|Any CPU.ActiveCfg = Release|Any CPU
		{2D67BC95-DCC4-4C85-AE2B-6F33EA72CEC8}.Release|Any CPU.Build.0 = Release|Any CPU
		{2D67BC95-DCC4-4C85-AE2B-6F33EA72CEC8}.Release|x64.ActiveCfg = Release|Any CPU
		{2D67BC95-DCC4-4C85-AE2B-6F33EA72CEC8}.Release|x64.Build.0 = Release|Any CPU
		{2D67BC95-DCC4-4C85-AE2B-6F33EA72CEC8}.Release|x86.ActiveCfg = Release|Any CPU
		{2D67BC95-DCC4-4C85-AE2B-6F33EA72CEC8}.Release|x86.Build.0 = Release|Any CPU
		{B18F5E8C-FDF7-40D6-80F8-B912D29AE273}.Debug|Any CPU.ActiveCfg = Debug|Any CPU
		{B18F5E8C-FDF7-40D6-80F8-B912D29AE273}.Debug|Any CPU.Build.0 = Debug|Any CPU
		{B18F5E8C-FDF7-40D6-80F8-B912D29AE273}.Debug|x64.ActiveCfg = Debug|Any CPU
		{B18F5E8C-FDF7-40D6-80F8-B912D29AE273}.Debug|x64.Build.0 = Debug|Any CPU
		{B18F5E8C-FDF7-40D6-80F8-B912D29AE273}.Debug|x86.ActiveCfg = Debug|Any CPU
		{B18F5E8C-FDF7-40D6-80F8-B912D29AE273}.Debug|x86.Build.0 = Debug|Any CPU
		{B18F5E8C-FDF7-40D6-80F8-B912D29AE273}.Release|Any CPU.ActiveCfg = Release|Any CPU
		{B18F5E8C-FDF7-40D6-80F8-B912D29AE273}.Release|Any CPU.Build.0 = Release|Any CPU
		{B18F5E8C-FDF7-40D6-80F8-B912D29AE273}.Release|x64.ActiveCfg = Release|Any CPU
		{B18F5E8C-FDF7-40D6-80F8-B912D29AE273}.Release|x64.Build.0 = Release|Any CPU
		{B18F5E8C-FDF7-40D6-80F8-B912D29AE273}.Release|x86.ActiveCfg = Release|Any CPU
		{B18F5E8C-FDF7-40D6-80F8-B912D29AE273}.Release|x86.Build.0 = Release|Any CPU
	EndGlobalSection
	GlobalSection(SolutionProperties) = preSolution
		HideSolutionNode = FALSE
	EndGlobalSection
	GlobalSection(ExtensibilityGlobals) = postSolution
		SolutionGuid = {63C3485B-CB64-44B8-B861-FF23BE00BBA8}
	EndGlobalSection
EndGlobal
