
Microsoft Visual Studio Solution File, Format Version 12.00
# Visual Studio Version 16
VisualStudioVersion = 16.0.29123.88
MinimumVisualStudioVersion = 10.0.40219.1
Project("{FAE04EC0-301F-11D3-BF4B-00C04F79EFBC}") = "CSharpOldTestProject", "CSharpOldTestProject\CSharpOldTestProject.csproj", "{5CAE93C9-0C7E-4310-A463-8FF039126E08}"
EndProject
Project("{FAE04EC0-301F-11D3-BF4B-00C04F79EFBC}") = "CSharpReferenceTestProject", "CSharpReferenceTestProject\CSharpReferenceTestProject.csproj", "{3EEF758D-C3F0-4F76-8FA9-C7C9ACA96BA4}"
EndProject
Project("{9A19103F-16F7-4668-BE54-9A1E7A4F7556}") = "CSharpNewTestProject", "CSharpNewTestProject\CSharpNewTestProject.csproj", "{2D67BC95-DCC4-4C85-AE2B-6F33EA72CEC8}"
EndProject
Project("{F2A71F9B-5D33-465A-A702-920D77279786}") = "FSharpOldTestProject", "FSharpOldTestProject\FSharpOldTestProject.fsproj", "{B18F5E8C-FDF7-40D6-80F8-B912D29AE273}"
EndProject
Project("{6EC3EE1D-3C4E-46DD-8F32-0CC8E7565705}") = "FSharpNewTestProject", "FSharpNewTestProject\FSharpNewTestProject.fsproj", "{D1E4C9BD-A5E4-4E27-BDCA-CF7DEDB7BC3C}"
EndProject
Global
	GlobalSection(SolutionConfigurationPlatforms) = preSolution
		Debug|Any CPU = Debug|Any CPU
		Debug|x64 = Debug|x64
		Debug|x86 = Debug|x86
		Release|Any CPU = Release|Any CPU
		Release|x64 = Release|x64
		Release|x86 = Release|x86
	EndGlobalSection
	GlobalSection(ProjectConfigurationPlatforms) = postSolution
		{5CAE93C9-0C7E-4310-A463-8FF039126E08}.Debug|Any CPU.ActiveCfg = Debug|Any CPU
		{5CAE93C9-0C7E-4310-A463-8FF039126E08}.Debug|Any CPU.Build.0 = Debug|Any CPU
		{5CAE93C9-0C7E-4310-A463-8FF039126E08}.Debug|x64.ActiveCfg = Debug|Any CPU
		{5CAE93C9-0C7E-4310-A463-8FF039126E08}.Debug|x64.Build.0 = Debug|Any CPU
		{5CAE93C9-0C7E-4310-A463-8FF039126E08}.Debug|x86.ActiveCfg = Debug|Any CPU
		{5CAE93C9-0C7E-4310-A463-8FF039126E08}.Debug|x86.Build.0 = Debug|Any CPU
		{5CAE93C9-0C7E-4310-A463-8FF039126E08}.Release|Any CPU.ActiveCfg = Release|Any CPU
		{5CAE93C9-0C7E-4310-A463-8FF039126E08}.Release|Any CPU.Build.0 = Release|Any CPU
		{5CAE93C9-0C7E-4310-A463-8FF039126E08}.Release|x64.ActiveCfg = Release|Any CPU
		{5CAE93C9-0C7E-4310-A463-8FF039126E08}.Release|x64.Build.0 = Release|Any CPU
		{5CAE93C9-0C7E-4310-A463-8FF039126E08}.Release|x86.ActiveCfg = Release|Any CPU
		{5CAE93C9-0C7E-4310-A463-8FF039126E08}.Release|x86.Build.0 = Release|Any CPU
		{3EEF758D-C3F0-4F76-8FA9-C7C9ACA96BA4}.Debug|Any CPU.ActiveCfg = Debug|Any CPU
		{3EEF758D-C3F0-4F76-8FA9-C7C9ACA96BA4}.Debug|Any CPU.Build.0 = Debug|Any CPU
		{3EEF758D-C3F0-4F76-8FA9-C7C9ACA96BA4}.Debug|x64.ActiveCfg = Debug|Any CPU
		{3EEF758D-C3F0-4F76-8FA9-C7C9ACA96BA4}.Debug|x64.Build.0 = Debug|Any CPU
		{3EEF758D-C3F0-4F76-8FA9-C7C9ACA96BA4}.Debug|x86.ActiveCfg = Debug|Any CPU
		{3EEF758D-C3F0-4F76-8FA9-C7C9ACA96BA4}.Debug|x86.Build.0 = Debug|Any CPU
		{3EEF758D-C3F0-4F76-8FA9-C7C9ACA96BA4}.Release|Any CPU.ActiveCfg = Release|Any CPU
		{3EEF758D-C3F0-4F76-8FA9-C7C9ACA96BA4}.Release|Any CPU.Build.0 = Release|Any CPU
		{3EEF758D-C3F0-4F76-8FA9-C7C9ACA96BA4}.Release|x64.ActiveCfg = Release|Any CPU
		{3EEF758D-C3F0-4F76-8FA9-C7C9ACA96BA4}.Release|x64.Build.0 = Release|Any CPU
		{3EEF758D-C3F0-4F76-8FA9-C7C9ACA96BA4}.Release|x86.ActiveCfg = Release|Any CPU
		{3EEF758D-C3F0-4F76-8FA9-C7C9ACA96BA4}.Release|x86.Build.0 = Release|Any CPU
		{2D67BC95-DCC4-4C85-AE2B-6F33EA72CEC8}.Debug|Any CPU.ActiveCfg = Debug|Any CPU
		{2D67BC95-DCC4-4C85-AE2B-6F33EA72CEC8}.Debug|Any CPU.Build.0 = Debug|Any CPU
		{2D67BC95-DCC4-4C85-AE2B-6F33EA72CEC8}.Debug|x64.ActiveCfg = Debug|Any CPU
		{2D67BC95-DCC4-4C85-AE2B-6F33EA72CEC8}.Debug|x64.Build.0 = Debug|Any CPU
		{2D67BC95-DCC4-4C85-AE2B-6F33EA72CEC8}.Debug|x86.ActiveCfg = Debug|Any CPU
		{2D67BC95-DCC4-4C85-AE2B-6F33EA72CEC8}.Debug|x86.Build.0 = Debug|Any CPU
		{2D67BC95-DCC4-4C85-AE2B-6F33EA72CEC8}.Release|Any CPU.ActiveCfg = Release|Any CPU
		{2D67BC95-DCC4-4C85-AE2B-6F33EA72CEC8}.Release|Any CPU.Build.0 = Release|Any CPU
		{2D67BC95-DCC4-4C85-AE2B-6F33EA72CEC8}.Release|x64.ActiveCfg = Release|Any CPU
		{2D67BC95-DCC4-4C85-AE2B-6F33EA72CEC8}.Release|x64.Build.0 = Release|Any CPU
		{2D67BC95-DCC4-4C85-AE2B-6F33EA72CEC8}.Release|x86.ActiveCfg = Release|Any CPU
		{2D67BC95-DCC4-4C85-AE2B-6F33EA72CEC8}.Release|x86.Build.0 = Release|Any CPU
		{B18F5E8C-FDF7-40D6-80F8-B912D29AE273}.Debug|Any CPU.ActiveCfg = Debug|Any CPU
		{B18F5E8C-FDF7-40D6-80F8-B912D29AE273}.Debug|Any CPU.Build.0 = Debug|Any CPU
		{B18F5E8C-FDF7-40D6-80F8-B912D29AE273}.Debug|x64.ActiveCfg = Debug|Any CPU
		{B18F5E8C-FDF7-40D6-80F8-B912D29AE273}.Debug|x64.Build.0 = Debug|Any CPU
		{B18F5E8C-FDF7-40D6-80F8-B912D29AE273}.Debug|x86.ActiveCfg = Debug|Any CPU
		{B18F5E8C-FDF7-40D6-80F8-B912D29AE273}.Debug|x86.Build.0 = Debug|Any CPU
		{B18F5E8C-FDF7-40D6-80F8-B912D29AE273}.Release|Any CPU.ActiveCfg = Release|Any CPU
		{B18F5E8C-FDF7-40D6-80F8-B912D29AE273}.Release|Any CPU.Build.0 = Release|Any CPU
		{B18F5E8C-FDF7-40D6-80F8-B912D29AE273}.Release|x64.ActiveCfg = Release|Any CPU
		{B18F5E8C-FDF7-40D6-80F8-B912D29AE273}.Release|x64.Build.0 = Release|Any CPU
		{B18F5E8C-FDF7-40D6-80F8-B912D29AE273}.Release|x86.ActiveCfg = Release|Any CPU
		{B18F5E8C-FDF7-40D6-80F8-B912D29AE273}.Release|x86.Build.0 = Release|Any CPU
		{D1E4C9BD-A5E4-4E27-BDCA-CF7DEDB7BC3C}.Debug|Any CPU.ActiveCfg = Debug|Any CPU
		{D1E4C9BD-A5E4-4E27-BDCA-CF7DEDB7BC3C}.Debug|Any CPU.Build.0 = Debug|Any CPU
		{D1E4C9BD-A5E4-4E27-BDCA-CF7DEDB7BC3C}.Debug|x64.ActiveCfg = Debug|Any CPU
		{D1E4C9BD-A5E4-4E27-BDCA-CF7DEDB7BC3C}.Debug|x64.Build.0 = Debug|Any CPU
		{D1E4C9BD-A5E4-4E27-BDCA-CF7DEDB7BC3C}.Debug|x86.ActiveCfg = Debug|Any CPU
		{D1E4C9BD-A5E4-4E27-BDCA-CF7DEDB7BC3C}.Debug|x86.Build.0 = Debug|Any CPU
		{D1E4C9BD-A5E4-4E27-BDCA-CF7DEDB7BC3C}.Release|Any CPU.ActiveCfg = Release|Any CPU
		{D1E4C9BD-A5E4-4E27-BDCA-CF7DEDB7BC3C}.Release|Any CPU.Build.0 = Release|Any CPU
		{D1E4C9BD-A5E4-4E27-BDCA-CF7DEDB7BC3C}.Release|x64.ActiveCfg = Release|Any CPU
		{D1E4C9BD-A5E4-4E27-BDCA-CF7DEDB7BC3C}.Release|x64.Build.0 = Release|Any CPU
		{D1E4C9BD-A5E4-4E27-BDCA-CF7DEDB7BC3C}.Release|x86.ActiveCfg = Release|Any CPU
		{D1E4C9BD-A5E4-4E27-BDCA-CF7DEDB7BC3C}.Release|x86.Build.0 = Release|Any CPU
	EndGlobalSection
	GlobalSection(SolutionProperties) = preSolution
		HideSolutionNode = FALSE
	EndGlobalSection
	GlobalSection(ExtensibilityGlobals) = postSolution
		SolutionGuid = {63C3485B-CB64-44B8-B861-FF23BE00BBA8}
	EndGlobalSection
EndGlobal
